{
  "name": "@intentsolutions/audit-harness-signing-reconciler",
  "version": "0.1.0",
  "lockfileVersion": 3,
  "requires": true,
  "packages": {
    "": {
      "name": "@intentsolutions/audit-harness-signing-reconciler",
      "version": "0.1.0",
      "license": "Apache-2.0",
      "dependencies": {
        "@intentsolutions/core": "0.10.0"
      },
      "engines": {
        "node": ">=22.6.0"
      }
    },
    "node_modules/@intentsolutions/core": {
      "version": "0.10.0",
      "resolved": "https://registry.npmjs.org/@intentsolutions/core/-/core-0.10.0.tgz",
      "integrity": "sha512-6IF/A5qqrUdA/L4HB6YLd2/7+T3fA/1gY7rX1izkIhrx1E5+4XL/O3MIXvJafobQztPnm6ItYHbHLV1EpLnYOg==",
      "license": "Apache-2.0",
      "dependencies": {
        "zod": "^4.4.3"
      },
      "engines": {
        "node": ">=20.0.0",
        "pnpm": ">=9.0.0"
      }
    },
    "node_modules/zod": {
      "version": "4.4.3",
      "resolved": "https://registry.npmjs.org/zod/-/zod-4.4.3.tgz",
      "integrity": "sha512-ytENFjIJFl2UwYglde2jchW2Hwm4GJFLDiSXWdTrJQBIN9Fcyp7n4DhxJEiWNAJMV1/BqWfW/kkg71UDcHJyTQ==",
      "license": "MIT",
      "funding": {
        "url": "https://github.com/sponsors/colinhacks"
      }
    }
  }
}
